
Microsoft Visual Studio Solution File, Format Version 12.00
# Visual Studio Version 16
VisualStudioVersion = 16.0.30011.22
MinimumVisualStudioVersion = 10.0.40219.1
Project("{8BC9CEB8-8B4A-11D0-8D11-00A0C91BC942}") = "Go Fish!", "Go Fish!\Go Fish!.vcxproj", "{B740207F-0408-4AC8-B1BD-4F7FAD09E877}"
EndProject
Global
	GlobalSection(SolutionConfigurationPlatforms) = preSolution
		Debug|x64 = Debug|x64
		Debug|x86 = Debug|x86
		Release|x64 = Release|x64
		Release|x86 = Release|x86
	EndGlobalSection
	GlobalSection(ProjectConfigurationPlatforms) = postSolution
		{B740207F-0408-4AC8-B1BD-4F7FAD09E877}.Debug|x64.ActiveCfg = Debug|x64
		{B740207F-0408-4AC8-B1BD-4F7FAD09E877}.Debug|x64.Build.0 = Debug|x64
		{B740207F-0408-4AC8-B1BD-4F7FAD09E877}.Debug|x86.ActiveCfg = Debug|Win32
		{B740207F-0408-4AC8-B1BD-4F7FAD09E877}.Debug|x86.Build.0 = Debug|Win32
		{B740207F-0408-4AC8-B1BD-4F7FAD09E877}.Release|x64.ActiveCfg = Release|x64
		{B740207F-0408-4AC8-B1BD-4F7FAD09E877}.Release|x64.Build.0 = Release|x64
		{B740207F-0408-4AC8-B1BD-4F7FAD09E877}.Release|x86.ActiveCfg = Release|Win32
		{B740207F-0408-4AC8-B1BD-4F7FAD09E877}.Release|x86.Build.0 = Release|Win32
	EndGlobalSection
	GlobalSection(SolutionProperties) = preSolution
		HideSolutionNode = FALSE
	EndGlobalSection
	GlobalSection(ExtensibilityGlobals) = postSolution
		SolutionGuid = {5A284F9B-ABC7-4248-A8A2-6EB94FEFBCEC}
	EndGlobalSection
EndGlobal
